// !$*UTF8*$!
{
	archiveVersion = 1;
	classes = {
	};
	objectVersion = 51;
	objects = {

/* Begin PBXBuildFile section */
		82C36C7EAB8BEC05AD8AF5B8 /* Pods_Nerdflix.framework in Frameworks */ = {isa = PBXBuildFile; fileRef = C5EBDCE1725D0D6176B2808B /* Pods_Nerdflix.framework */; };
		F44DD5D826FFC5B4009BEF9D /* AppDelegate.swift in Sources */ = {isa = PBXBuildFile; fileRef = F44DD5D726FFC5B4009BEF9D /* AppDelegate.swift */; };
		F44DD5DC26FFC5B4009BEF9D /* ViewController.swift in Sources */ = {isa = PBXBuildFile; fileRef = F44DD5DB26FFC5B4009BEF9D /* ViewController.swift */; };
		F44DD5DF26FFC5B4009BEF9D /* Main.storyboard in Resources */ = {isa = PBXBuildFile; fileRef = F44DD5DD26FFC5B4009BEF9D /* Main.storyboard */; };
		F44DD5E126FFC5B5009BEF9D /* Assets.xcassets in Resources */ = {isa = PBXBuildFile; fileRef = F44DD5E026FFC5B5009BEF9D /* Assets.xcassets */; };
		F44DD5E426FFC5B5009BEF9D /* LaunchScreen.storyboard in Resources */ = {isa = PBXBuildFile; fileRef = F44DD5E226FFC5B5009BEF9D /* LaunchScreen.storyboard */; };
		F44DD5F626FFE204009BEF9D /* MovieCollectionViewCell.swift in Sources */ = {isa = PBXBuildFile; fileRef = F44DD5F426FFE204009BEF9D /* MovieCollectionViewCell.swift */; };
		F44DD5F726FFE204009BEF9D /* MovieCollectionViewCell.xib in Resources */ = {isa = PBXBuildFile; fileRef = F44DD5F526FFE204009BEF9D /* MovieCollectionViewCell.xib */; };
		F44DD60727000FB8009BEF9D /* HomeViewModel.swift in Sources */ = {isa = PBXBuildFile; fileRef = F44DD60627000FB8009BEF9D /* HomeViewModel.swift */; };
		F45397D127009EEA0088ACCD /* MoviesModel.swift in Sources */ = {isa = PBXBuildFile; fileRef = F45397D027009EEA0088ACCD /* MoviesModel.swift */; };
		F45397E3270106520088ACCD /* MoviesSeeMoreViewController.swift in Sources */ = {isa = PBXBuildFile; fileRef = F45397E1270106520088ACCD /* MoviesSeeMoreViewController.swift */; };
		F45397E4270106520088ACCD /* MoviesSeeMoreViewController.xib in Resources */ = {isa = PBXBuildFile; fileRef = F45397E2270106520088ACCD /* MoviesSeeMoreViewController.xib */; };
		F45397E827010FE10088ACCD /* MoviesDetailsViewController.swift in Sources */ = {isa = PBXBuildFile; fileRef = F45397E627010FE10088ACCD /* MoviesDetailsViewController.swift */; };
		F45397E927010FE10088ACCD /* MoviesDetailsViewController.xib in Resources */ = {isa = PBXBuildFile; fileRef = F45397E727010FE10088ACCD /* MoviesDetailsViewController.xib */; };
		F45397EC270110520088ACCD /* MoviesDetailsViewModel.swift in Sources */ = {isa = PBXBuildFile; fileRef = F45397EB270110520088ACCD /* MoviesDetailsViewModel.swift */; };
/* End PBXBuildFile section */

/* Begin PBXFileReference section */
		277D374B78BE527F64AA8625 /* Pods-Nerdflix.release.xcconfig */ = {isa = PBXFileReference; includeInIndex = 1; lastKnownFileType = text.xcconfig; name = "Pods-Nerdflix.release.xcconfig"; path = "Target Support Files/Pods-Nerdflix/Pods-Nerdflix.release.xcconfig"; sourceTree = "<group>"; };
		32B72D2D9B5D1948982CA6E1 /* Pods-Nerdflix.debug.xcconfig */ = {isa = PBXFileReference; includeInIndex = 1; lastKnownFileType = text.xcconfig; name = "Pods-Nerdflix.debug.xcconfig"; path = "Target Support Files/Pods-Nerdflix/Pods-Nerdflix.debug.xcconfig"; sourceTree = "<group>"; };
		C5EBDCE1725D0D6176B2808B /* Pods_Nerdflix.framework */ = {isa = PBXFileReference; explicitFileType = wrapper.framework; includeInIndex = 0; path = Pods_Nerdflix.framework; sourceTree = BUILT_PRODUCTS_DIR; };
		F44DD5D426FFC5B4009BEF9D /* Nerdflix.app */ = {isa = PBXFileReference; explicitFileType = wrapper.application; includeInIndex = 0; path = Nerdflix.app; sourceTree = BUILT_PRODUCTS_DIR; };
		F44DD5D726FFC5B4009BEF9D /* AppDelegate.swift */ = {isa = PBXFileReference; lastKnownFileType = sourcecode.swift; path = AppDelegate.swift; sourceTree = "<group>"; };
		F44DD5DB26FFC5B4009BEF9D /* ViewController.swift */ = {isa = PBXFileReference; lastKnownFileType = sourcecode.swift; path = ViewController.swift; sourceTree = "<group>"; };
		F44DD5DE26FFC5B4009BEF9D /* Base */ = {isa = PBXFileReference; lastKnownFileType = file.storyboard; name = Base; path = Base.lproj/Main.storyboard; sourceTree = "<group>"; };
		F44DD5E026FFC5B5009BEF9D /* Assets.xcassets */ = {isa = PBXFileReference; lastKnownFileType = folder.assetcatalog; path = Assets.xcassets; sourceTree = "<group>"; };
		F44DD5E326FFC5B5009BEF9D /* Base */ = {isa = PBXFileReference; lastKnownFileType = file.storyboard; name = Base; path = Base.lproj/LaunchScreen.storyboard; sourceTree = "<group>"; };
		F44DD5E526FFC5B5009BEF9D /* Info.plist */ = {isa = PBXFileReference; lastKnownFileType = text.plist.xml; path = Info.plist; sourceTree = "<group>"; };
		F44DD5F426FFE204009BEF9D /* MovieCollectionViewCell.swift */ = {isa = PBXFileReference; lastKnownFileType = sourcecode.swift; path = MovieCollectionViewCell.swift; sourceTree = "<group>"; };
		F44DD5F526FFE204009BEF9D /* MovieCollectionViewCell.xib */ = {isa = PBXFileReference; lastKnownFileType = file.xib; path = MovieCollectionViewCell.xib; sourceTree = "<group>"; };
		F44DD60627000FB8009BEF9D /* HomeViewModel.swift */ = {isa = PBXFileReference; lastKnownFileType = sourcecode.swift; path = HomeViewModel.swift; sourceTree = "<group>"; };
		F45397D027009EEA0088ACCD /* MoviesModel.swift */ = {isa = PBXFileReference; lastKnownFileType = sourcecode.swift; path = MoviesModel.swift; sourceTree = "<group>"; };
		F45397E1270106520088ACCD /* MoviesSeeMoreViewController.swift */ = {isa = PBXFileReference; lastKnownFileType = sourcecode.swift; path = MoviesSeeMoreViewController.swift; sourceTree = "<group>"; };
		F45397E2270106520088ACCD /* MoviesSeeMoreViewController.xib */ = {isa = PBXFileReference; lastKnownFileType = file.xib; path = MoviesSeeMoreViewController.xib; sourceTree = "<group>"; };
		F45397E627010FE10088ACCD /* MoviesDetailsViewController.swift */ = {isa = PBXFileReference; lastKnownFileType = sourcecode.swift; path = MoviesDetailsViewController.swift; sourceTree = "<group>"; };
		F45397E727010FE10088ACCD /* MoviesDetailsViewController.xib */ = {isa = PBXFileReference; lastKnownFileType = file.xib; path = MoviesDetailsViewController.xib; sourceTree = "<group>"; };
		F45397EB270110520088ACCD /* MoviesDetailsViewModel.swift */ = {isa = PBXFileReference; lastKnownFileType = sourcecode.swift; path = MoviesDetailsViewModel.swift; sourceTree = "<group>"; };
/* End PBXFileReference section */

/* Begin PBXFrameworksBuildPhase section */
		F44DD5D126FFC5B4009BEF9D /* Frameworks */ = {
			isa = PBXFrameworksBuildPhase;
			buildActionMask = 2147483647;
			files = (
				82C36C7EAB8BEC05AD8AF5B8 /* Pods_Nerdflix.framework in Frameworks */,
			);
			runOnlyForDeploymentPostprocessing = 0;
		};
/* End PBXFrameworksBuildPhase section */

/* Begin PBXGroup section */
		0A22D1D7A9EE1D6133261297 /* Frameworks */ = {
			isa = PBXGroup;
			children = (
				C5EBDCE1725D0D6176B2808B /* Pods_Nerdflix.framework */,
			);
			name = Frameworks;
			sourceTree = "<group>";
		};
		6E214DC55F21598D24ACEAED /* Pods */ = {
			isa = PBXGroup;
			children = (
				32B72D2D9B5D1948982CA6E1 /* Pods-Nerdflix.debug.xcconfig */,
				277D374B78BE527F64AA8625 /* Pods-Nerdflix.release.xcconfig */,
			);
			path = Pods;
			sourceTree = "<group>";
		};
		F44DD5CB26FFC5B4009BEF9D = {
			isa = PBXGroup;
			children = (
				F44DD5D626FFC5B4009BEF9D /* Nerdflix */,
				F44DD5D526FFC5B4009BEF9D /* Products */,
				6E214DC55F21598D24ACEAED /* Pods */,
				0A22D1D7A9EE1D6133261297 /* Frameworks */,
			);
			sourceTree = "<group>";
		};
		F44DD5D526FFC5B4009BEF9D /* Products */ = {
			isa = PBXGroup;
			children = (
				F44DD5D426FFC5B4009BEF9D /* Nerdflix.app */,
			);
			name = Products;
			sourceTree = "<group>";
		};
		F44DD5D626FFC5B4009BEF9D /* Nerdflix */ = {
			isa = PBXGroup;
			children = (
				F44DD5F026FFE12A009BEF9D /* Scenes */,
				F44DD5D726FFC5B4009BEF9D /* AppDelegate.swift */,
				F44DD5E026FFC5B5009BEF9D /* Assets.xcassets */,
				F44DD5E226FFC5B5009BEF9D /* LaunchScreen.storyboard */,
				F44DD5E526FFC5B5009BEF9D /* Info.plist */,
			);
			path = Nerdflix;
			sourceTree = "<group>";
		};
		F44DD5F026FFE12A009BEF9D /* Scenes */ = {
			isa = PBXGroup;
			children = (
				F45397E02701061E0088ACCD /* MovieDetails */,
				F45397DF270106090088ACCD /* MovieSeeMore */,
				F44DD5F126FFE13E009BEF9D /* Home */,
			);
			path = Scenes;
			sourceTree = "<group>";
		};
		F44DD5F126FFE13E009BEF9D /* Home */ = {
			isa = PBXGroup;
			children = (
				F45397CF27009E810088ACCD /* Model */,
				F44DD5DB26FFC5B4009BEF9D /* ViewController.swift */,
				F44DD5DD26FFC5B4009BEF9D /* Main.storyboard */,
				F44DD60627000FB8009BEF9D /* HomeViewModel.swift */,
				F44DD5F226FFE169009BEF9D /* Subviews */,
			);
			path = Home;
			sourceTree = "<group>";
		};
		F44DD5F226FFE169009BEF9D /* Subviews */ = {
			isa = PBXGroup;
			children = (
				F44DD5F326FFE177009BEF9D /* Cells */,
			);
			path = Subviews;
			sourceTree = "<group>";
		};
		F44DD5F326FFE177009BEF9D /* Cells */ = {
			isa = PBXGroup;
			children = (
				F44DD5F426FFE204009BEF9D /* MovieCollectionViewCell.swift */,
				F44DD5F526FFE204009BEF9D /* MovieCollectionViewCell.xib */,
			);
			path = Cells;
			sourceTree = "<group>";
		};
		F45397CF27009E810088ACCD /* Model */ = {
			isa = PBXGroup;
			children = (
				F45397D027009EEA0088ACCD /* MoviesModel.swift */,
			);
			path = Model;
			sourceTree = "<group>";
		};
		F45397DF270106090088ACCD /* MovieSeeMore */ = {
			isa = PBXGroup;
			children = (
				F45397E1270106520088ACCD /* MoviesSeeMoreViewController.swift */,
				F45397E2270106520088ACCD /* MoviesSeeMoreViewController.xib */,
			);
			path = MovieSeeMore;
			sourceTree = "<group>";
		};
		F45397E02701061E0088ACCD /* MovieDetails */ = {
			isa = PBXGroup;
			children = (
				F45397E627010FE10088ACCD /* MoviesDetailsViewController.swift */,
				F45397E727010FE10088ACCD /* MoviesDetailsViewController.xib */,
				F45397EB270110520088ACCD /* MoviesDetailsViewModel.swift */,
			);
			path = MovieDetails;
			sourceTree = "<group>";
		};
/* End PBXGroup section */

/* Begin PBXNativeTarget section */
		F44DD5D326FFC5B4009BEF9D /* Nerdflix */ = {
			isa = PBXNativeTarget;
			buildConfigurationList = F44DD5E826FFC5B5009BEF9D /* Build configuration list for PBXNativeTarget "Nerdflix" */;
			buildPhases = (
				42ECE9CA84720F74D52E12F6 /* [CP] Check Pods Manifest.lock */,
				F44DD5D026FFC5B4009BEF9D /* Sources */,
				F44DD5D126FFC5B4009BEF9D /* Frameworks */,
				F44DD5D226FFC5B4009BEF9D /* Resources */,
				12186ED00DE05E783CF33AEE /* [CP] Embed Pods Frameworks */,
			);
			buildRules = (
			);
			dependencies = (
			);
			name = Nerdflix;
			productName = Nerdflix;
			productReference = F44DD5D426FFC5B4009BEF9D /* Nerdflix.app */;
			productType = "com.apple.product-type.application";
		};
/* End PBXNativeTarget section */

/* Begin PBXProject section */
		F44DD5CC26FFC5B4009BEF9D /* Project object */ = {
			isa = PBXProject;
			attributes = {
				LastSwiftUpdateCheck = 1220;
				LastUpgradeCheck = 1220;
				TargetAttributes = {
					F44DD5D326FFC5B4009BEF9D = {
						CreatedOnToolsVersion = 12.2;
					};
				};
			};
			buildConfigurationList = F44DD5CF26FFC5B4009BEF9D /* Build configuration list for PBXProject "Nerdflix" */;
			compatibilityVersion = "Xcode 9.3";
			developmentRegion = en;
			hasScannedForEncodings = 0;
			knownRegions = (
				en,
				Base,
			);
			mainGroup = F44DD5CB26FFC5B4009BEF9D;
			productRefGroup = F44DD5D526FFC5B4009BEF9D /* Products */;
			projectDirPath = "";
			projectRoot = "";
			targets = (
				F44DD5D326FFC5B4009BEF9D /* Nerdflix */,
			);
		};
/* End PBXProject section */

/* Begin PBXResourcesBuildPhase section */
		F44DD5D226FFC5B4009BEF9D /* Resources */ = {
			isa = PBXResourcesBuildPhase;
			buildActionMask = 2147483647;
			files = (
				F44DD5E426FFC5B5009BEF9D /* LaunchScreen.storyboard in Resources */,
				F44DD5E126FFC5B5009BEF9D /* Assets.xcassets in Resources */,
				F45397E4270106520088ACCD /* MoviesSeeMoreViewController.xib in Resources */,
				F44DD5DF26FFC5B4009BEF9D /* Main.storyboard in Resources */,
				F45397E927010FE10088ACCD /* MoviesDetailsViewController.xib in Resources */,
				F44DD5F726FFE204009BEF9D /* MovieCollectionViewCell.xib in Resources */,
			);
			runOnlyForDeploymentPostprocessing = 0;
		};
/* End PBXResourcesBuildPhase section */

/* Begin PBXShellScriptBuildPhase section */
		12186ED00DE05E783CF33AEE /* [CP] Embed Pods Frameworks */ = {
			isa = PBXShellScriptBuildPhase;
			buildActionMask = 2147483647;
			files = (
			);
			inputFileListPaths = (
				"${PODS_ROOT}/Target Support Files/Pods-Nerdflix/Pods-Nerdflix-frameworks-${CONFIGURATION}-input-files.xcfilelist",
			);
			name = "[CP] Embed Pods Frameworks";
			outputFileListPaths = (
				"${PODS_ROOT}/Target Support Files/Pods-Nerdflix/Pods-Nerdflix-frameworks-${CONFIGURATION}-output-files.xcfilelist",
			);
			runOnlyForDeploymentPostprocessing = 0;
			shellPath = /bin/sh;
			shellScript = "\"${PODS_ROOT}/Target Support Files/Pods-Nerdflix/Pods-Nerdflix-frameworks.sh\"\n";
			showEnvVarsInLog = 0;
		};
		42ECE9CA84720F74D52E12F6 /* [CP] Check Pods Manifest.lock */ = {
			isa = PBXShellScriptBuildPhase;
			buildActionMask = 2147483647;
			files = (
			);
			inputFileListPaths = (
			);
			inputPaths = (
				"${PODS_PODFILE_DIR_PATH}/Podfile.lock",
				"${PODS_ROOT}/Manifest.lock",
			);
			name = "[CP] Check Pods Manifest.lock";
			outputFileListPaths = (
			);
			outputPaths = (
				"$(DERIVED_FILE_DIR)/Pods-Nerdflix-checkManifestLockResult.txt",
			);
			runOnlyForDeploymentPostprocessing = 0;
			shellPath = /bin/sh;
			shellScript = "diff \"${PODS_PODFILE_DIR_PATH}/Podfile.lock\" \"${PODS_ROOT}/Manifest.lock\" > /dev/null\nif [ $? != 0 ] ; then\n    # print error to STDERR\n    echo \"error: The sandbox is not in sync with the Podfile.lock. Run 'pod install' or update your CocoaPods installation.\" >&2\n    exit 1\nfi\n# This output is used by Xcode 'outputs' to avoid re-running this script phase.\necho \"SUCCESS\" > \"${SCRIPT_OUTPUT_FILE_0}\"\n";
			showEnvVarsInLog = 0;
		};
/* End PBXShellScriptBuildPhase section */

/* Begin PBXSourcesBuildPhase section */
		F44DD5D026FFC5B4009BEF9D /* Sources */ = {
			isa = PBXSourcesBuildPhase;
			buildActionMask = 2147483647;
			files = (
				F44DD5F626FFE204009BEF9D /* MovieCollectionViewCell.swift in Sources */,
				F44DD5DC26FFC5B4009BEF9D /* ViewController.swift in Sources */,
				F45397E3270106520088ACCD /* MoviesSeeMoreViewController.swift in Sources */,
				F45397D127009EEA0088ACCD /* MoviesModel.swift in Sources */,
				F45397EC270110520088ACCD /* MoviesDetailsViewModel.swift in Sources */,
				F44DD5D826FFC5B4009BEF9D /* AppDelegate.swift in Sources */,
				F44DD60727000FB8009BEF9D /* HomeViewModel.swift in Sources */,
				F45397E827010FE10088ACCD /* MoviesDetailsViewController.swift in Sources */,
			);
			runOnlyForDeploymentPostprocessing = 0;
		};
/* End PBXSourcesBuildPhase section */

/* Begin PBXVariantGroup section */
		F44DD5DD26FFC5B4009BEF9D /* Main.storyboard */ = {
			isa = PBXVariantGroup;
			children = (
				F44DD5DE26FFC5B4009BEF9D /* Base */,
			);
			name = Main.storyboard;
			sourceTree = "<group>";
		};
		F44DD5E226FFC5B5009BEF9D /* LaunchScreen.storyboard */ = {
			isa = PBXVariantGroup;
			children = (
				F44DD5E326FFC5B5009BEF9D /* Base */,
			);
			name = LaunchScreen.storyboard;
			sourceTree = "<group>";
		};
/* End PBXVariantGroup section */

/* Begin XCBuildConfiguration section */
		F44DD5E626FFC5B5009BEF9D /* Debug */ = {
			isa = XCBuildConfiguration;
			buildSettings = {
				ALWAYS_SEARCH_USER_PATHS = NO;
				CLANG_ANALYZER_NONNULL = YES;
				CLANG_ANALYZER_NUMBER_OBJECT_CONVERSION = YES_AGGRESSIVE;
				CLANG_CXX_LANGUAGE_STANDARD = "gnu++14";
				CLANG_CXX_LIBRARY = "libc++";
				CLANG_ENABLE_MODULES = YES;
				CLANG_ENABLE_OBJC_ARC = YES;
				CLANG_ENABLE_OBJC_WEAK = YES;
				CLANG_WARN_BLOCK_CAPTURE_AUTORELEASING = YES;
				CLANG_WARN_BOOL_CONVERSION = YES;
				CLANG_WARN_COMMA = YES;
				CLANG_WARN_CONSTANT_CONVERSION = YES;
				CLANG_WARN_DEPRECATED_OBJC_IMPLEMENTATIONS = YES;
				CLANG_WARN_DIRECT_OBJC_ISA_USAGE = YES_ERROR;
				CLANG_WARN_DOCUMENTATION_COMMENTS = YES;
				CLANG_WARN_EMPTY_BODY = YES;
				CLANG_WARN_ENUM_CONVERSION = YES;
				CLANG_WARN_INFINITE_RECURSION = YES;
				CLANG_WARN_INT_CONVERSION = YES;
				CLANG_WARN_NON_LITERAL_NULL_CONVERSION = YES;
				CLANG_WARN_OBJC_IMPLICIT_RETAIN_SELF = YES;
				CLANG_WARN_OBJC_LITERAL_CONVERSION = YES;
				CLANG_WARN_OBJC_ROOT_CLASS = YES_ERROR;
				CLANG_WARN_QUOTED_INCLUDE_IN_FRAMEWORK_HEADER = YES;
				CLANG_WARN_RANGE_LOOP_ANALYSIS = YES;
				CLANG_WARN_STRICT_PROTOTYPES = YES;
				CLANG_WARN_SUSPICIOUS_MOVE = YES;
				CLANG_WARN_UNGUARDED_AVAILABILITY = YES_AGGRESSIVE;
				CLANG_WARN_UNREACHABLE_CODE = YES;
				CLANG_WARN__DUPLICATE_METHOD_MATCH = YES;
				COPY_PHASE_STRIP = NO;
				DEBUG_INFORMATION_FORMAT = dwarf;
				ENABLE_STRICT_OBJC_MSGSEND = YES;
				ENABLE_TESTABILITY = YES;
				GCC_C_LANGUAGE_STANDARD = gnu11;
				GCC_DYNAMIC_NO_PIC = NO;
				GCC_NO_COMMON_BLOCKS = YES;
				GCC_OPTIMIZATION_LEVEL = 0;
				GCC_PREPROCESSOR_DEFINITIONS = (
					"DEBUG=1",
					"$(inherited)",
				);
				GCC_WARN_64_TO_32_BIT_CONVERSION = YES;
				GCC_WARN_ABOUT_RETURN_TYPE = YES_ERROR;
				GCC_WARN_UNDECLARED_SELECTOR = YES;
				GCC_WARN_UNINITIALIZED_AUTOS = YES_AGGRESSIVE;
				GCC_WARN_UNUSED_FUNCTION = YES;
				GCC_WARN_UNUSED_VARIABLE = YES;
				IPHONEOS_DEPLOYMENT_TARGET = 14.2;
				MTL_ENABLE_DEBUG_INFO = INCLUDE_SOURCE;
				MTL_FAST_MATH = YES;
				ONLY_ACTIVE_ARCH = YES;
				SDKROOT = iphoneos;
				SWIFT_ACTIVE_COMPILATION_CONDITIONS = DEBUG;
				SWIFT_OPTIMIZATION_LEVEL = "-Onone";
			};
			name = Debug;
		};
		F44DD5E726FFC5B5009BEF9D /* Release */ = {
			isa = XCBuildConfiguration;
			buildSettings = {
				ALWAYS_SEARCH_USER_PATHS = NO;
				CLANG_ANALYZER_NONNULL = YES;
				CLANG_ANALYZER_NUMBER_OBJECT_CONVERSION = YES_AGGRESSIVE;
				CLANG_CXX_LANGUAGE_STANDARD = "gnu++14";
				CLANG_CXX_LIBRARY = "libc++";
				CLANG_ENABLE_MODULES = YES;
				CLANG_ENABLE_OBJC_ARC = YES;
				CLANG_ENABLE_OBJC_WEAK = YES;
				CLANG_WARN_BLOCK_CAPTURE_AUTORELEASING = YES;
				CLANG_WARN_BOOL_CONVERSION = YES;
				CLANG_WARN_COMMA = YES;
				CLANG_WARN_CONSTANT_CONVERSION = YES;
				CLANG_WARN_DEPRECATED_OBJC_IMPLEMENTATIONS = YES;
				CLANG_WARN_DIRECT_OBJC_ISA_USAGE = YES_ERROR;
				CLANG_WARN_DOCUMENTATION_COMMENTS = YES;
				CLANG_WARN_EMPTY_BODY = YES;
				CLANG_WARN_ENUM_CONVERSION = YES;
				CLANG_WARN_INFINITE_RECURSION = YES;
				CLANG_WARN_INT_CONVERSION = YES;
				CLANG_WARN_NON_LITERAL_NULL_CONVERSION = YES;
				CLANG_WARN_OBJC_IMPLICIT_RETAIN_SELF = YES;
				CLANG_WARN_OBJC_LITERAL_CONVERSION = YES;
				CLANG_WARN_OBJC_ROOT_CLASS = YES_ERROR;
				CLANG_WARN_QUOTED_INCLUDE_IN_FRAMEWORK_HEADER = YES;
				CLANG_WARN_RANGE_LOOP_ANALYSIS = YES;
				CLANG_WARN_STRICT_PROTOTYPES = YES;
				CLANG_WARN_SUSPICIOUS_MOVE = YES;
				CLANG_WARN_UNGUARDED_AVAILABILITY = YES_AGGRESSIVE;
				CLANG_WARN_UNREACHABLE_CODE = YES;
				CLANG_WARN__DUPLICATE_METHOD_MATCH = YES;
				COPY_PHASE_STRIP = NO;
				DEBUG_INFORMATION_FORMAT = "dwarf-with-dsym";
				ENABLE_NS_ASSERTIONS = NO;
				ENABLE_STRICT_OBJC_MSGSEND = YES;
				GCC_C_LANGUAGE_STANDARD = gnu11;
				GCC_NO_COMMON_BLOCKS = YES;
				GCC_WARN_64_TO_32_BIT_CONVERSION = YES;
				GCC_WARN_ABOUT_RETURN_TYPE = YES_ERROR;
				GCC_WARN_UNDECLARED_SELECTOR = YES;
				GCC_WARN_UNINITIALIZED_AUTOS = YES_AGGRESSIVE;
				GCC_WARN_UNUSED_FUNCTION = YES;
				GCC_WARN_UNUSED_VARIABLE = YES;
				IPHONEOS_DEPLOYMENT_TARGET = 14.2;
				MTL_ENABLE_DEBUG_INFO = NO;
				MTL_FAST_MATH = YES;
				SDKROOT = iphoneos;
				SWIFT_COMPILATION_MODE = wholemodule;
				SWIFT_OPTIMIZATION_LEVEL = "-O";
				VALIDATE_PRODUCT = YES;
			};
			name = Release;
		};
		F44DD5E926FFC5B5009BEF9D /* Debug */ = {
			isa = XCBuildConfiguration;
			baseConfigurationReference = 32B72D2D9B5D1948982CA6E1 /* Pods-Nerdflix.debug.xcconfig */;
			buildSettings = {
				ASSETCATALOG_COMPILER_APPICON_NAME = AppIcon;
				ASSETCATALOG_COMPILER_GLOBAL_ACCENT_COLOR_NAME = AccentColor;
				CODE_SIGN_STYLE = Automatic;
				INFOPLIST_FILE = Nerdflix/Info.plist;
				IPHONEOS_DEPLOYMENT_TARGET = 13.0;
				LD_RUNPATH_SEARCH_PATHS = (
					"$(inherited)",
					"@executable_path/Frameworks",
				);
				PRODUCT_BUNDLE_IDENTIFIER = br.com.usemobile.Nerdflix;
				PRODUCT_NAME = "$(TARGET_NAME)";
				SWIFT_VERSION = 5.0;
				TARGETED_DEVICE_FAMILY = 1;
			};
			name = Debug;
		};
		F44DD5EA26FFC5B5009BEF9D /* Release */ = {
			isa = XCBuildConfiguration;
			baseConfigurationReference = 277D374B78BE527F64AA8625 /* Pods-Nerdflix.release.xcconfig */;
			buildSettings = {
				ASSETCATALOG_COMPILER_APPICON_NAME = AppIcon;
				ASSETCATALOG_COMPILER_GLOBAL_ACCENT_COLOR_NAME = AccentColor;
				CODE_SIGN_STYLE = Automatic;
				INFOPLIST_FILE = Nerdflix/Info.plist;
				IPHONEOS_DEPLOYMENT_TARGET = 13.0;
				LD_RUNPATH_SEARCH_PATHS = (
					"$(inherited)",
					"@executable_path/Frameworks",
				);
				PRODUCT_BUNDLE_IDENTIFIER = br.com.usemobile.Nerdflix;
				PRODUCT_NAME = "$(TARGET_NAME)";
				SWIFT_VERSION = 5.0;
				TARGETED_DEVICE_FAMILY = 1;
			};
			name = Release;
		};
/* End XCBuildConfiguration section */

/* Begin XCConfigurationList section */
		F44DD5CF26FFC5B4009BEF9D /* Build configuration list for PBXProject "Nerdflix" */ = {
			isa = XCConfigurationList;
			buildConfigurations = (
				F44DD5E626FFC5B5009BEF9D /* Debug */,
				F44DD5E726FFC5B5009BEF9D /* Release */,
			);
			defaultConfigurationIsVisible = 0;
			defaultConfigurationName = Release;
		};
		F44DD5E826FFC5B5009BEF9D /* Build configuration list for PBXNativeTarget "Nerdflix" */ = {
			isa = XCConfigurationList;
			buildConfigurations = (
				F44DD5E926FFC5B5009BEF9D /* Debug */,
				F44DD5EA26FFC5B5009BEF9D /* Release */,
			);
			defaultConfigurationIsVisible = 0;
			defaultConfigurationName = Release;
		};
/* End XCConfigurationList section */
	};
	rootObject = F44DD5CC26FFC5B4009BEF9D /* Project object */;
}
